
Microsoft Visual Studio Solution File, Format Version 12.00
# Visual Studio 15
VisualStudioVersion = 15.0.28307.960
MinimumVisualStudioVersion = 10.0.40219.1
Project("{FAE04EC0-301F-11D3-BF4B-00C04F79EFBC}") = "Almacenes.AppWeb", "Almacenes.AppWeb\Almacenes.AppWeb.csproj", "{EB2DF750-9A04-43F7-8A4B-8E338F452FE4}"
EndProject
Project("{FAE04EC0-301F-11D3-BF4B-00C04F79EFBC}") = "Almacenes.BusinessEntities", "Almacenes.BusinessEntities\Almacenes.BusinessEntities.csproj", "{4010551E-92D9-42DC-9ED4-CD3F0D309F2A}"
EndProject
Project("{FAE04EC0-301F-11D3-BF4B-00C04F79EFBC}") = "Almacenes.BusinessLogic", "Almacenes.BusinessLogic\Almacenes.BusinessLogic.csproj", "{3C1113AA-2F14-427F-BCFC-B251C3F3D603}"
EndProject
Project("{FAE04EC0-301F-11D3-BF4B-00C04F79EFBC}") = "Almacenes.DataAccess", "Almacenes.DataAccess\Almacenes.DataAccess.csproj", "{BCFFEBC7-A7A3-4C0C-B5CC-E1B619D957DD}"
EndProject
Project("{FAE04EC0-301F-11D3-BF4B-00C04F79EFBC}") = "Almacenes.Interfaces", "Almacenes.Interfaces\Almacenes.Interfaces.csproj", "{657D8C53-FCCE-4F97-9933-CA5F126F9B41}"
EndProject
Global
	GlobalSection(SolutionConfigurationPlatforms) = preSolution
		Debug|Any CPU = Debug|Any CPU
		Release|Any CPU = Release|Any CPU
	EndGlobalSection
	GlobalSection(ProjectConfigurationPlatforms) = postSolution
		{EB2DF750-9A04-43F7-8A4B-8E338F452FE4}.Debug|Any CPU.ActiveCfg = Debug|Any CPU
		{EB2DF750-9A04-43F7-8A4B-8E338F452FE4}.Debug|Any CPU.Build.0 = Debug|Any CPU
		{EB2DF750-9A04-43F7-8A4B-8E338F452FE4}.Release|Any CPU.ActiveCfg = Release|Any CPU
		{EB2DF750-9A04-43F7-8A4B-8E338F452FE4}.Release|Any CPU.Build.0 = Release|Any CPU
		{4010551E-92D9-42DC-9ED4-CD3F0D309F2A}.Debug|Any CPU.ActiveCfg = Debug|Any CPU
		{4010551E-92D9-42DC-9ED4-CD3F0D309F2A}.Debug|Any CPU.Build.0 = Debug|Any CPU
		{4010551E-92D9-42DC-9ED4-CD3F0D309F2A}.Release|Any CPU.ActiveCfg = Release|Any CPU
		{4010551E-92D9-42DC-9ED4-CD3F0D309F2A}.Release|Any CPU.Build.0 = Release|Any CPU
		{3C1113AA-2F14-427F-BCFC-B251C3F3D603}.Debug|Any CPU.ActiveCfg = Debug|Any CPU
		{3C1113AA-2F14-427F-BCFC-B251C3F3D603}.Debug|Any CPU.Build.0 = Debug|Any CPU
		{3C1113AA-2F14-427F-BCFC-B251C3F3D603}.Release|Any CPU.ActiveCfg = Release|Any CPU
		{3C1113AA-2F14-427F-BCFC-B251C3F3D603}.Release|Any CPU.Build.0 = Release|Any CPU
		{BCFFEBC7-A7A3-4C0C-B5CC-E1B619D957DD}.Debug|Any CPU.ActiveCfg = Debug|Any CPU
		{BCFFEBC7-A7A3-4C0C-B5CC-E1B619D957DD}.Debug|Any CPU.Build.0 = Debug|Any CPU
		{BCFFEBC7-A7A3-4C0C-B5CC-E1B619D957DD}.Release|Any CPU.ActiveCfg = Release|Any CPU
		{BCFFEBC7-A7A3-4C0C-B5CC-E1B619D957DD}.Release|Any CPU.Build.0 = Release|Any CPU
		{657D8C53-FCCE-4F97-9933-CA5F126F9B41}.Debug|Any CPU.ActiveCfg = Debug|Any CPU
		{657D8C53-FCCE-4F97-9933-CA5F126F9B41}.Debug|Any CPU.Build.0 = Debug|Any CPU
		{657D8C53-FCCE-4F97-9933-CA5F126F9B41}.Release|Any CPU.ActiveCfg = Release|Any CPU
		{657D8C53-FCCE-4F97-9933-CA5F126F9B41}.Release|Any CPU.Build.0 = Release|Any CPU
	EndGlobalSection
	GlobalSection(SolutionProperties) = preSolution
		HideSolutionNode = FALSE
	EndGlobalSection
	GlobalSection(ExtensibilityGlobals) = postSolution
		SolutionGuid = {116B1955-325C-4FFE-B430-06B7AC7CD0B9}
	EndGlobalSection
EndGlobal
